
Microsoft Visual Studio Solution File, Format Version 12.00
# Visual Studio Version 17
VisualStudioVersion = 17.0.31903.59
MinimumVisualStudioVersion = 10.0.40219.1
Project("{2150E333-8FDC-42A3-9474-1A3956D46DE8}") = "src", "src", "{E7311055-7D26-496B-865A-011A8A6341EB}"
EndProject
Project("{FAE04EC0-301F-11D3-BF4B-00C04F79EFBC}") = "Mithya.Core", "src\Mithya.Core\Mithya.Core.csproj", "{5518E2EE-898C-491D-AF50-463FCF911CAD}"
EndProject
Project("{FAE04EC0-301F-11D3-BF4B-00C04F79EFBC}") = "Mithya.Infrastructure", "src\Mithya.Infrastructure\Mithya.Infrastructure.csproj", "{F0EC13AF-9EDE-4B01-9D3C-05C23BB4A332}"
EndProject
Project("{FAE04EC0-301F-11D3-BF4B-00C04F79EFBC}") = "Mithya.Api", "src\Mithya.Api\Mithya.Api.csproj", "{C0883E6F-0BD6-4C32-A043-44D73AB9253F}"
EndProject
Project("{2150E333-8FDC-42A3-9474-1A3956D46DE8}") = "tests", "tests", "{76956BA4-3F5B-404B-973B-A0DF60AAB8B8}"
EndProject
Project("{FAE04EC0-301F-11D3-BF4B-00C04F79EFBC}") = "Mithya.Tests", "tests\Mithya.Tests\Mithya.Tests.csproj", "{DDF248AA-FA66-4EFE-8982-598560CF39F1}"
EndProject
Global
	GlobalSection(SolutionConfigurationPlatforms) = preSolution
		Debug|Any CPU = Debug|Any CPU
		Release|Any CPU = Release|Any CPU
	EndGlobalSection
	GlobalSection(SolutionProperties) = preSolution
		HideSolutionNode = FALSE
	EndGlobalSection
	GlobalSection(ProjectConfigurationPlatforms) = postSolution
		{5518E2EE-898C-491D-AF50-463FCF911CAD}.Debug|Any CPU.ActiveCfg = Debug|Any CPU
		{5518E2EE-898C-491D-AF50-463FCF911CAD}.Debug|Any CPU.Build.0 = Debug|Any CPU
		{5518E2EE-898C-491D-AF50-463FCF911CAD}.Release|Any CPU.ActiveCfg = Release|Any CPU
		{5518E2EE-898C-491D-AF50-463FCF911CAD}.Release|Any CPU.Build.0 = Release|Any CPU
		{F0EC13AF-9EDE-4B01-9D3C-05C23BB4A332}.Debug|Any CPU.ActiveCfg = Debug|Any CPU
		{F0EC13AF-9EDE-4B01-9D3C-05C23BB4A332}.Debug|Any CPU.Build.0 = Debug|Any CPU
		{F0EC13AF-9EDE-4B01-9D3C-05C23BB4A332}.Release|Any CPU.ActiveCfg = Release|Any CPU
		{F0EC13AF-9EDE-4B01-9D3C-05C23BB4A332}.Release|Any CPU.Build.0 = Release|Any CPU
		{C0883E6F-0BD6-4C32-A043-44D73AB9253F}.Debug|Any CPU.ActiveCfg = Debug|Any CPU
		{C0883E6F-0BD6-4C32-A043-44D73AB9253F}.Debug|Any CPU.Build.0 = Debug|Any CPU
		{C0883E6F-0BD6-4C32-A043-44D73AB9253F}.Release|Any CPU.ActiveCfg = Release|Any CPU
		{C0883E6F-0BD6-4C32-A043-44D73AB9253F}.Release|Any CPU.Build.0 = Release|Any CPU
		{DDF248AA-FA66-4EFE-8982-598560CF39F1}.Debug|Any CPU.ActiveCfg = Debug|Any CPU
		{DDF248AA-FA66-4EFE-8982-598560CF39F1}.Debug|Any CPU.Build.0 = Debug|Any CPU
		{DDF248AA-FA66-4EFE-8982-598560CF39F1}.Release|Any CPU.ActiveCfg = Release|Any CPU
		{DDF248AA-FA66-4EFE-8982-598560CF39F1}.Release|Any CPU.Build.0 = Release|Any CPU
	EndGlobalSection
	GlobalSection(NestedProjects) = preSolution
		{5518E2EE-898C-491D-AF50-463FCF911CAD} = {E7311055-7D26-496B-865A-011A8A6341EB}
		{F0EC13AF-9EDE-4B01-9D3C-05C23BB4A332} = {E7311055-7D26-496B-865A-011A8A6341EB}
		{C0883E6F-0BD6-4C32-A043-44D73AB9253F} = {E7311055-7D26-496B-865A-011A8A6341EB}
		{DDF248AA-FA66-4EFE-8982-598560CF39F1} = {76956BA4-3F5B-404B-973B-A0DF60AAB8B8}
	EndGlobalSection
EndGlobal
